{
  "nodes": {
    "home-manager": {
      "inputs": {
        "nixpkgs": [
          "nixpkgs"
        ]
      },
      "locked": {
        "lastModified": 1747331121,
        "narHash": "sha256-3MmiUN/jOHBHQUnjqzg6qKArc17j2OS6jisEppDY4g8=",
        "owner": "nix-community",
        "repo": "home-manager",
        "rev": "1eec32f0efe3b830927989767a9e6ece0d82d608",
        "type": "github"
      },
      "original": {
        "owner": "nix-community",
        "ref": "release-24.11",
        "repo": "home-manager",
        "type": "github"
      }
    },
    "nixCats": {
      "inputs": {
        "nixCats": "nixCats_2",
        "nixpkgs": [
          "nixpkgs"
        ]
      },
      "locked": {
        "lastModified": 1747347892,
        "narHash": "sha256-LJxGItizP39gTBhghf0xDbPDdlQme6uiJzA1OSp3N88=",
        "path": "/home/geoff/.config/nvim",
        "type": "path"
      },
      "original": {
        "path": "/home/geoff/.config/nvim",
        "type": "path"
      }
    },
    "nixCats_2": {
      "locked": {
        "lastModified": 1745567008,
        "narHash": "sha256-XOUjevS/1MCZxp+iNCsE7KXoTuiepeYDw0xYubUfB+A=",
        "owner": "BirdeeHub",
        "repo": "nixCats-nvim",
        "rev": "4ce63f2108b7dda9566130fe8425173383d64f87",
        "type": "github"
      },
      "original": {
        "owner": "BirdeeHub",
        "repo": "nixCats-nvim",
        "type": "github"
      }
    },
    "nixpkgs": {
      "locked": {
        "lastModified": 1747335874,
        "narHash": "sha256-IKKIXTSYJMmUtE+Kav5Rob8SgLPnfnq4Qu8LyT4gdqQ=",
        "owner": "nixos",
        "repo": "nixpkgs",
        "rev": "ba8b70ee098bc5654c459d6a95dfc498b91ff858",
        "type": "github"
      },
      "original": {
        "owner": "nixos",
        "ref": "release-24.11",
        "repo": "nixpkgs",
        "type": "github"
      }
    },
    "root": {
      "inputs": {
        "home-manager": "home-manager",
        "nixCats": "nixCats",
        "nixpkgs": "nixpkgs"
      }
    }
  },
  "root": "root",
  "version": 7
}
