{
  "nodes": {
    "home-manager": {
      "inputs": {
        "nixpkgs": [
          "nixpkgs"
        ]
      },
      "locked": {
        "lastModified": 1747688870,
        "narHash": "sha256-ypL9WAZfmJr5V70jEVzqGjjQzF0uCkz+AFQF7n9NmNc=",
        "owner": "nix-community",
        "repo": "home-manager",
        "rev": "d5f1f641b289553927b3801580598d200a501863",
        "type": "github"
      },
      "original": {
        "owner": "nix-community",
        "ref": "release-24.11",
        "repo": "home-manager",
        "type": "github"
      }
    },
    "nixCats": {
      "inputs": {
        "nixCats": "nixCats_2",
        "nixpkgs": [
          "nixpkgs"
        ]
      },
      "locked": {
        "lastModified": 1747686924,
        "narHash": "sha256-tI8zk5pMx1RZ8x/zJWr3QWAIi5UICwYtxTrUqtuKbkw=",
        "path": "/home/geoff/.config/nvim",
        "type": "path"
      },
      "original": {
        "path": "/home/geoff/.config/nvim",
        "type": "path"
      }
    },
    "nixCats_2": {
      "locked": {
        "lastModified": 1745567008,
        "narHash": "sha256-XOUjevS/1MCZxp+iNCsE7KXoTuiepeYDw0xYubUfB+A=",
        "owner": "BirdeeHub",
        "repo": "nixCats-nvim",
        "rev": "4ce63f2108b7dda9566130fe8425173383d64f87",
        "type": "github"
      },
      "original": {
        "owner": "BirdeeHub",
        "repo": "nixCats-nvim",
        "type": "github"
      }
    },
    "nixpkgs": {
      "locked": {
        "lastModified": 1747739564,
        "narHash": "sha256-OLs+6N73j9+/S6dWjJJqtECe2j6v3GgxM0H8jRtGVd4=",
        "owner": "nixos",
        "repo": "nixpkgs",
        "rev": "595c22cce5205fa070f797b477978e91b123def0",
        "type": "github"
      },
      "original": {
        "owner": "nixos",
        "ref": "release-24.11",
        "repo": "nixpkgs",
        "type": "github"
      }
    },
    "root": {
      "inputs": {
        "home-manager": "home-manager",
        "nixCats": "nixCats",
        "nixpkgs": "nixpkgs"
      }
    }
  },
  "root": "root",
  "version": 7
}
